// !$*UTF8*$!
{
	archiveVersion = 1;
	classes = {
	};
	objectVersion = 51;
	objects = {

/* Begin PBXBuildFile section */
		055132850BAAD2661C80F08E /* Pods_ParstagramTests.framework in Frameworks */ = {isa = PBXBuildFile; fileRef = EDA5434BF4A1C65966519122 /* Pods_ParstagramTests.framework */; };
		2532D1F5B7A612A82825740E /* Pods_Parstagram_ParstagramUITests.framework in Frameworks */ = {isa = PBXBuildFile; fileRef = 578F6EEE9B845A70134562D3 /* Pods_Parstagram_ParstagramUITests.framework */; };
		ABD83E8625F56EBC000CA139 /* AppDelegate.swift in Sources */ = {isa = PBXBuildFile; fileRef = ABD83E8525F56EBC000CA139 /* AppDelegate.swift */; };
		ABD83E8825F56EBC000CA139 /* SceneDelegate.swift in Sources */ = {isa = PBXBuildFile; fileRef = ABD83E8725F56EBC000CA139 /* SceneDelegate.swift */; };
		ABD83E8D25F56EBC000CA139 /* Main.storyboard in Resources */ = {isa = PBXBuildFile; fileRef = ABD83E8B25F56EBC000CA139 /* Main.storyboard */; };
		ABD83E8F25F56EBC000CA139 /* Assets.xcassets in Resources */ = {isa = PBXBuildFile; fileRef = ABD83E8E25F56EBC000CA139 /* Assets.xcassets */; };
		ABD83E9225F56EBC000CA139 /* LaunchScreen.storyboard in Resources */ = {isa = PBXBuildFile; fileRef = ABD83E9025F56EBC000CA139 /* LaunchScreen.storyboard */; };
		ABD83E9D25F56EBC000CA139 /* ParstagramTests.swift in Sources */ = {isa = PBXBuildFile; fileRef = ABD83E9C25F56EBC000CA139 /* ParstagramTests.swift */; };
		ABD83EA825F56EBD000CA139 /* ParstagramUITests.swift in Sources */ = {isa = PBXBuildFile; fileRef = ABD83EA725F56EBD000CA139 /* ParstagramUITests.swift */; };
		ABD83ED125F5813A000CA139 /* LoginViewController.swift in Sources */ = {isa = PBXBuildFile; fileRef = ABD83ED025F5813A000CA139 /* LoginViewController.swift */; };
		ABD83ED625F58155000CA139 /* FeedViewController.swift in Sources */ = {isa = PBXBuildFile; fileRef = ABD83ED525F58155000CA139 /* FeedViewController.swift */; };
		B62B0387E17A36522A556C08 /* Pods_Parstagram.framework in Frameworks */ = {isa = PBXBuildFile; fileRef = C952ED87177EDDA3B8B76D4B /* Pods_Parstagram.framework */; };
/* End PBXBuildFile section */

/* Begin PBXContainerItemProxy section */
		ABD83E9925F56EBC000CA139 /* PBXContainerItemProxy */ = {
			isa = PBXContainerItemProxy;
			containerPortal = ABD83E7A25F56EBC000CA139 /* Project object */;
			proxyType = 1;
			remoteGlobalIDString = ABD83E8125F56EBC000CA139;
			remoteInfo = Parstagram;
		};
		ABD83EA425F56EBC000CA139 /* PBXContainerItemProxy */ = {
			isa = PBXContainerItemProxy;
			containerPortal = ABD83E7A25F56EBC000CA139 /* Project object */;
			proxyType = 1;
			remoteGlobalIDString = ABD83E8125F56EBC000CA139;
			remoteInfo = Parstagram;
		};
/* End PBXContainerItemProxy section */

/* Begin PBXFileReference section */
		149987FB5656FE013D58B556 /* Pods-Parstagram.debug.xcconfig */ = {isa = PBXFileReference; includeInIndex = 1; lastKnownFileType = text.xcconfig; name = "Pods-Parstagram.debug.xcconfig"; path = "Target Support Files/Pods-Parstagram/Pods-Parstagram.debug.xcconfig"; sourceTree = "<group>"; };
		354D38B161CEF8D21517B7EB /* Pods-Parstagram.release.xcconfig */ = {isa = PBXFileReference; includeInIndex = 1; lastKnownFileType = text.xcconfig; name = "Pods-Parstagram.release.xcconfig"; path = "Target Support Files/Pods-Parstagram/Pods-Parstagram.release.xcconfig"; sourceTree = "<group>"; };
		578F6EEE9B845A70134562D3 /* Pods_Parstagram_ParstagramUITests.framework */ = {isa = PBXFileReference; explicitFileType = wrapper.framework; includeInIndex = 0; path = Pods_Parstagram_ParstagramUITests.framework; sourceTree = BUILT_PRODUCTS_DIR; };
		88202EE171DF8BC4F468308B /* Pods-Parstagram-ParstagramUITests.release.xcconfig */ = {isa = PBXFileReference; includeInIndex = 1; lastKnownFileType = text.xcconfig; name = "Pods-Parstagram-ParstagramUITests.release.xcconfig"; path = "Target Support Files/Pods-Parstagram-ParstagramUITests/Pods-Parstagram-ParstagramUITests.release.xcconfig"; sourceTree = "<group>"; };
		9A78F0C70FE88C3F783D4518 /* Pods-Parstagram-ParstagramUITests.debug.xcconfig */ = {isa = PBXFileReference; includeInIndex = 1; lastKnownFileType = text.xcconfig; name = "Pods-Parstagram-ParstagramUITests.debug.xcconfig"; path = "Target Support Files/Pods-Parstagram-ParstagramUITests/Pods-Parstagram-ParstagramUITests.debug.xcconfig"; sourceTree = "<group>"; };
		ABD83E8225F56EBC000CA139 /* Parstagram.app */ = {isa = PBXFileReference; explicitFileType = wrapper.application; includeInIndex = 0; path = Parstagram.app; sourceTree = BUILT_PRODUCTS_DIR; };
		ABD83E8525F56EBC000CA139 /* AppDelegate.swift */ = {isa = PBXFileReference; lastKnownFileType = sourcecode.swift; path = AppDelegate.swift; sourceTree = "<group>"; };
		ABD83E8725F56EBC000CA139 /* SceneDelegate.swift */ = {isa = PBXFileReference; lastKnownFileType = sourcecode.swift; path = SceneDelegate.swift; sourceTree = "<group>"; };
		ABD83E8C25F56EBC000CA139 /* Base */ = {isa = PBXFileReference; lastKnownFileType = file.storyboard; name = Base; path = Base.lproj/Main.storyboard; sourceTree = "<group>"; };
		ABD83E8E25F56EBC000CA139 /* Assets.xcassets */ = {isa = PBXFileReference; lastKnownFileType = folder.assetcatalog; path = Assets.xcassets; sourceTree = "<group>"; };
		ABD83E9125F56EBC000CA139 /* Base */ = {isa = PBXFileReference; lastKnownFileType = file.storyboard; name = Base; path = Base.lproj/LaunchScreen.storyboard; sourceTree = "<group>"; };
		ABD83E9325F56EBC000CA139 /* Info.plist */ = {isa = PBXFileReference; lastKnownFileType = text.plist.xml; path = Info.plist; sourceTree = "<group>"; };
		ABD83E9825F56EBC000CA139 /* ParstagramTests.xctest */ = {isa = PBXFileReference; explicitFileType = wrapper.cfbundle; includeInIndex = 0; path = ParstagramTests.xctest; sourceTree = BUILT_PRODUCTS_DIR; };
		ABD83E9C25F56EBC000CA139 /* ParstagramTests.swift */ = {isa = PBXFileReference; lastKnownFileType = sourcecode.swift; path = ParstagramTests.swift; sourceTree = "<group>"; };
		ABD83E9E25F56EBC000CA139 /* Info.plist */ = {isa = PBXFileReference; lastKnownFileType = text.plist.xml; path = Info.plist; sourceTree = "<group>"; };
		ABD83EA325F56EBC000CA139 /* ParstagramUITests.xctest */ = {isa = PBXFileReference; explicitFileType = wrapper.cfbundle; includeInIndex = 0; path = ParstagramUITests.xctest; sourceTree = BUILT_PRODUCTS_DIR; };
		ABD83EA725F56EBD000CA139 /* ParstagramUITests.swift */ = {isa = PBXFileReference; lastKnownFileType = sourcecode.swift; path = ParstagramUITests.swift; sourceTree = "<group>"; };
		ABD83EA925F56EBD000CA139 /* Info.plist */ = {isa = PBXFileReference; lastKnownFileType = text.plist.xml; path = Info.plist; sourceTree = "<group>"; };
		ABD83ED025F5813A000CA139 /* LoginViewController.swift */ = {isa = PBXFileReference; lastKnownFileType = sourcecode.swift; path = LoginViewController.swift; sourceTree = "<group>"; };
		ABD83ED525F58155000CA139 /* FeedViewController.swift */ = {isa = PBXFileReference; lastKnownFileType = sourcecode.swift; path = FeedViewController.swift; sourceTree = "<group>"; };
		B6805EC0DD6D103DA2DD1A09 /* Pods-ParstagramTests.release.xcconfig */ = {isa = PBXFileReference; includeInIndex = 1; lastKnownFileType = text.xcconfig; name = "Pods-ParstagramTests.release.xcconfig"; path = "Target Support Files/Pods-ParstagramTests/Pods-ParstagramTests.release.xcconfig"; sourceTree = "<group>"; };
		C952ED87177EDDA3B8B76D4B /* Pods_Parstagram.framework */ = {isa = PBXFileReference; explicitFileType = wrapper.framework; includeInIndex = 0; path = Pods_Parstagram.framework; sourceTree = BUILT_PRODUCTS_DIR; };
		C9ABA7254395E9E515498C80 /* Pods-ParstagramTests.debug.xcconfig */ = {isa = PBXFileReference; includeInIndex = 1; lastKnownFileType = text.xcconfig; name = "Pods-ParstagramTests.debug.xcconfig"; path = "Target Support Files/Pods-ParstagramTests/Pods-ParstagramTests.debug.xcconfig"; sourceTree = "<group>"; };
		EDA5434BF4A1C65966519122 /* Pods_ParstagramTests.framework */ = {isa = PBXFileReference; explicitFileType = wrapper.framework; includeInIndex = 0; path = Pods_ParstagramTests.framework; sourceTree = BUILT_PRODUCTS_DIR; };
/* End PBXFileReference section */

/* Begin PBXFrameworksBuildPhase section */
		ABD83E7F25F56EBC000CA139 /* Frameworks */ = {
			isa = PBXFrameworksBuildPhase;
			buildActionMask = 2147483647;
			files = (
				B62B0387E17A36522A556C08 /* Pods_Parstagram.framework in Frameworks */,
			);
			runOnlyForDeploymentPostprocessing = 0;
		};
		ABD83E9525F56EBC000CA139 /* Frameworks */ = {
			isa = PBXFrameworksBuildPhase;
			buildActionMask = 2147483647;
			files = (
				055132850BAAD2661C80F08E /* Pods_ParstagramTests.framework in Frameworks */,
			);
			runOnlyForDeploymentPostprocessing = 0;
		};
		ABD83EA025F56EBC000CA139 /* Frameworks */ = {
			isa = PBXFrameworksBuildPhase;
			buildActionMask = 2147483647;
			files = (
				2532D1F5B7A612A82825740E /* Pods_Parstagram_ParstagramUITests.framework in Frameworks */,
			);
			runOnlyForDeploymentPostprocessing = 0;
		};
/* End PBXFrameworksBuildPhase section */

/* Begin PBXGroup section */
		9957F1C42902330844F167D6 /* Frameworks */ = {
			isa = PBXGroup;
			children = (
				C952ED87177EDDA3B8B76D4B /* Pods_Parstagram.framework */,
				578F6EEE9B845A70134562D3 /* Pods_Parstagram_ParstagramUITests.framework */,
				EDA5434BF4A1C65966519122 /* Pods_ParstagramTests.framework */,
			);
			name = Frameworks;
			sourceTree = "<group>";
		};
		ABD83E7925F56EBC000CA139 = {
			isa = PBXGroup;
			children = (
				ABD83E8425F56EBC000CA139 /* Parstagram */,
				ABD83E9B25F56EBC000CA139 /* ParstagramTests */,
				ABD83EA625F56EBD000CA139 /* ParstagramUITests */,
				ABD83E8325F56EBC000CA139 /* Products */,
				EBD6374E9A55EB4D569A9F6D /* Pods */,
				9957F1C42902330844F167D6 /* Frameworks */,
			);
			sourceTree = "<group>";
		};
		ABD83E8325F56EBC000CA139 /* Products */ = {
			isa = PBXGroup;
			children = (
				ABD83E8225F56EBC000CA139 /* Parstagram.app */,
				ABD83E9825F56EBC000CA139 /* ParstagramTests.xctest */,
				ABD83EA325F56EBC000CA139 /* ParstagramUITests.xctest */,
			);
			name = Products;
			sourceTree = "<group>";
		};
		ABD83E8425F56EBC000CA139 /* Parstagram */ = {
			isa = PBXGroup;
			children = (
				ABD83E8525F56EBC000CA139 /* AppDelegate.swift */,
				ABD83E8725F56EBC000CA139 /* SceneDelegate.swift */,
				ABD83E8B25F56EBC000CA139 /* Main.storyboard */,
				ABD83E8E25F56EBC000CA139 /* Assets.xcassets */,
				ABD83E9025F56EBC000CA139 /* LaunchScreen.storyboard */,
				ABD83E9325F56EBC000CA139 /* Info.plist */,
				ABD83ED025F5813A000CA139 /* LoginViewController.swift */,
				ABD83ED525F58155000CA139 /* FeedViewController.swift */,
			);
			path = Parstagram;
			sourceTree = "<group>";
		};
		ABD83E9B25F56EBC000CA139 /* ParstagramTests */ = {
			isa = PBXGroup;
			children = (
				ABD83E9C25F56EBC000CA139 /* ParstagramTests.swift */,
				ABD83E9E25F56EBC000CA139 /* Info.plist */,
			);
			path = ParstagramTests;
			sourceTree = "<group>";
		};
		ABD83EA625F56EBD000CA139 /* ParstagramUITests */ = {
			isa = PBXGroup;
			children = (
				ABD83EA725F56EBD000CA139 /* ParstagramUITests.swift */,
				ABD83EA925F56EBD000CA139 /* Info.plist */,
			);
			path = ParstagramUITests;
			sourceTree = "<group>";
		};
		EBD6374E9A55EB4D569A9F6D /* Pods */ = {
			isa = PBXGroup;
			children = (
				149987FB5656FE013D58B556 /* Pods-Parstagram.debug.xcconfig */,
				354D38B161CEF8D21517B7EB /* Pods-Parstagram.release.xcconfig */,
				9A78F0C70FE88C3F783D4518 /* Pods-Parstagram-ParstagramUITests.debug.xcconfig */,
				88202EE171DF8BC4F468308B /* Pods-Parstagram-ParstagramUITests.release.xcconfig */,
				C9ABA7254395E9E515498C80 /* Pods-ParstagramTests.debug.xcconfig */,
				B6805EC0DD6D103DA2DD1A09 /* Pods-ParstagramTests.release.xcconfig */,
			);
			path = Pods;
			sourceTree = "<group>";
		};
/* End PBXGroup section */

/* Begin PBXNativeTarget section */
		ABD83E8125F56EBC000CA139 /* Parstagram */ = {
			isa = PBXNativeTarget;
			buildConfigurationList = ABD83EAC25F56EBD000CA139 /* Build configuration list for PBXNativeTarget "Parstagram" */;
			buildPhases = (
				D85249114EF1047D4027C117 /* [CP] Check Pods Manifest.lock */,
				ABD83E7E25F56EBC000CA139 /* Sources */,
				ABD83E7F25F56EBC000CA139 /* Frameworks */,
				ABD83E8025F56EBC000CA139 /* Resources */,
				F4909D3C0A8DC57A2553A696 /* [CP] Embed Pods Frameworks */,
			);
			buildRules = (
			);
			dependencies = (
			);
			name = Parstagram;
			productName = Parstagram;
			productReference = ABD83E8225F56EBC000CA139 /* Parstagram.app */;
			productType = "com.apple.product-type.application";
		};
		ABD83E9725F56EBC000CA139 /* ParstagramTests */ = {
			isa = PBXNativeTarget;
			buildConfigurationList = ABD83EAF25F56EBD000CA139 /* Build configuration list for PBXNativeTarget "ParstagramTests" */;
			buildPhases = (
				D0403063FE5D9ED61A03390D /* [CP] Check Pods Manifest.lock */,
				ABD83E9425F56EBC000CA139 /* Sources */,
				ABD83E9525F56EBC000CA139 /* Frameworks */,
				ABD83E9625F56EBC000CA139 /* Resources */,
			);
			buildRules = (
			);
			dependencies = (
				ABD83E9A25F56EBC000CA139 /* PBXTargetDependency */,
			);
			name = ParstagramTests;
			productName = ParstagramTests;
			productReference = ABD83E9825F56EBC000CA139 /* ParstagramTests.xctest */;
			productType = "com.apple.product-type.bundle.unit-test";
		};
		ABD83EA225F56EBC000CA139 /* ParstagramUITests */ = {
			isa = PBXNativeTarget;
			buildConfigurationList = ABD83EB225F56EBD000CA139 /* Build configuration list for PBXNativeTarget "ParstagramUITests" */;
			buildPhases = (
				7CB3E461294A104116C500C6 /* [CP] Check Pods Manifest.lock */,
				ABD83E9F25F56EBC000CA139 /* Sources */,
				ABD83EA025F56EBC000CA139 /* Frameworks */,
				ABD83EA125F56EBC000CA139 /* Resources */,
				D396055601035D3A25F30C79 /* [CP] Embed Pods Frameworks */,
			);
			buildRules = (
			);
			dependencies = (
				ABD83EA525F56EBC000CA139 /* PBXTargetDependency */,
			);
			name = ParstagramUITests;
			productName = ParstagramUITests;
			productReference = ABD83EA325F56EBC000CA139 /* ParstagramUITests.xctest */;
			productType = "com.apple.product-type.bundle.ui-testing";
		};
/* End PBXNativeTarget section */

/* Begin PBXProject section */
		ABD83E7A25F56EBC000CA139 /* Project object */ = {
			isa = PBXProject;
			attributes = {
				LastSwiftUpdateCheck = 1240;
				LastUpgradeCheck = 1240;
				TargetAttributes = {
					ABD83E8125F56EBC000CA139 = {
						CreatedOnToolsVersion = 12.4;
					};
					ABD83E9725F56EBC000CA139 = {
						CreatedOnToolsVersion = 12.4;
						TestTargetID = ABD83E8125F56EBC000CA139;
					};
					ABD83EA225F56EBC000CA139 = {
						CreatedOnToolsVersion = 12.4;
						TestTargetID = ABD83E8125F56EBC000CA139;
					};
				};
			};
			buildConfigurationList = ABD83E7D25F56EBC000CA139 /* Build configuration list for PBXProject "Parstagram" */;
			compatibilityVersion = "Xcode 9.3";
			developmentRegion = en;
			hasScannedForEncodings = 0;
			knownRegions = (
				en,
				Base,
			);
			mainGroup = ABD83E7925F56EBC000CA139;
			productRefGroup = ABD83E8325F56EBC000CA139 /* Products */;
			projectDirPath = "";
			projectRoot = "";
			targets = (
				ABD83E8125F56EBC000CA139 /* Parstagram */,
				ABD83E9725F56EBC000CA139 /* ParstagramTests */,
				ABD83EA225F56EBC000CA139 /* ParstagramUITests */,
			);
		};
/* End PBXProject section */

/* Begin PBXResourcesBuildPhase section */
		ABD83E8025F56EBC000CA139 /* Resources */ = {
			isa = PBXResourcesBuildPhase;
			buildActionMask = 2147483647;
			files = (
				ABD83E9225F56EBC000CA139 /* LaunchScreen.storyboard in Resources */,
				ABD83E8F25F56EBC000CA139 /* Assets.xcassets in Resources */,
				ABD83E8D25F56EBC000CA139 /* Main.storyboard in Resources */,
			);
			runOnlyForDeploymentPostprocessing = 0;
		};
		ABD83E9625F56EBC000CA139 /* Resources */ = {
			isa = PBXResourcesBuildPhase;
			buildActionMask = 2147483647;
			files = (
			);
			runOnlyForDeploymentPostprocessing = 0;
		};
		ABD83EA125F56EBC000CA139 /* Resources */ = {
			isa = PBXResourcesBuildPhase;
			buildActionMask = 2147483647;
			files = (
			);
			runOnlyForDeploymentPostprocessing = 0;
		};
/* End PBXResourcesBuildPhase section */

/* Begin PBXShellScriptBuildPhase section */
		7CB3E461294A104116C500C6 /* [CP] Check Pods Manifest.lock */ = {
			isa = PBXShellScriptBuildPhase;
			buildActionMask = 2147483647;
			files = (
			);
			inputFileListPaths = (
			);
			inputPaths = (
				"${PODS_PODFILE_DIR_PATH}/Podfile.lock",
				"${PODS_ROOT}/Manifest.lock",
			);
			name = "[CP] Check Pods Manifest.lock";
			outputFileListPaths = (
			);
			outputPaths = (
				"$(DERIVED_FILE_DIR)/Pods-Parstagram-ParstagramUITests-checkManifestLockResult.txt",
			);
			runOnlyForDeploymentPostprocessing = 0;
			shellPath = /bin/sh;
			shellScript = "diff \"${PODS_PODFILE_DIR_PATH}/Podfile.lock\" \"${PODS_ROOT}/Manifest.lock\" > /dev/null\nif [ $? != 0 ] ; then\n    # print error to STDERR\n    echo \"error: The sandbox is not in sync with the Podfile.lock. Run 'pod install' or update your CocoaPods installation.\" >&2\n    exit 1\nfi\n# This output is used by Xcode 'outputs' to avoid re-running this script phase.\necho \"SUCCESS\" > \"${SCRIPT_OUTPUT_FILE_0}\"\n";
			showEnvVarsInLog = 0;
		};
		D0403063FE5D9ED61A03390D /* [CP] Check Pods Manifest.lock */ = {
			isa = PBXShellScriptBuildPhase;
			buildActionMask = 2147483647;
			files = (
			);
			inputFileListPaths = (
			);
			inputPaths = (
				"${PODS_PODFILE_DIR_PATH}/Podfile.lock",
				"${PODS_ROOT}/Manifest.lock",
			);
			name = "[CP] Check Pods Manifest.lock";
			outputFileListPaths = (
			);
			outputPaths = (
				"$(DERIVED_FILE_DIR)/Pods-ParstagramTests-checkManifestLockResult.txt",
			);
			runOnlyForDeploymentPostprocessing = 0;
			shellPath = /bin/sh;
			shellScript = "diff \"${PODS_PODFILE_DIR_PATH}/Podfile.lock\" \"${PODS_ROOT}/Manifest.lock\" > /dev/null\nif [ $? != 0 ] ; then\n    # print error to STDERR\n    echo \"error: The sandbox is not in sync with the Podfile.lock. Run 'pod install' or update your CocoaPods installation.\" >&2\n    exit 1\nfi\n# This output is used by Xcode 'outputs' to avoid re-running this script phase.\necho \"SUCCESS\" > \"${SCRIPT_OUTPUT_FILE_0}\"\n";
			showEnvVarsInLog = 0;
		};
		D396055601035D3A25F30C79 /* [CP] Embed Pods Frameworks */ = {
			isa = PBXShellScriptBuildPhase;
			buildActionMask = 2147483647;
			files = (
			);
			inputFileListPaths = (
				"${PODS_ROOT}/Target Support Files/Pods-Parstagram-ParstagramUITests/Pods-Parstagram-ParstagramUITests-frameworks-${CONFIGURATION}-input-files.xcfilelist",
			);
			name = "[CP] Embed Pods Frameworks";
			outputFileListPaths = (
				"${PODS_ROOT}/Target Support Files/Pods-Parstagram-ParstagramUITests/Pods-Parstagram-ParstagramUITests-frameworks-${CONFIGURATION}-output-files.xcfilelist",
			);
			runOnlyForDeploymentPostprocessing = 0;
			shellPath = /bin/sh;
			shellScript = "\"${PODS_ROOT}/Target Support Files/Pods-Parstagram-ParstagramUITests/Pods-Parstagram-ParstagramUITests-frameworks.sh\"\n";
			showEnvVarsInLog = 0;
		};
		D85249114EF1047D4027C117 /* [CP] Check Pods Manifest.lock */ = {
			isa = PBXShellScriptBuildPhase;
			buildActionMask = 2147483647;
			files = (
			);
			inputFileListPaths = (
			);
			inputPaths = (
				"${PODS_PODFILE_DIR_PATH}/Podfile.lock",
				"${PODS_ROOT}/Manifest.lock",
			);
			name = "[CP] Check Pods Manifest.lock";
			outputFileListPaths = (
			);
			outputPaths = (
				"$(DERIVED_FILE_DIR)/Pods-Parstagram-checkManifestLockResult.txt",
			);
			runOnlyForDeploymentPostprocessing = 0;
			shellPath = /bin/sh;
			shellScript = "diff \"${PODS_PODFILE_DIR_PATH}/Podfile.lock\" \"${PODS_ROOT}/Manifest.lock\" > /dev/null\nif [ $? != 0 ] ; then\n    # print error to STDERR\n    echo \"error: The sandbox is not in sync with the Podfile.lock. Run 'pod install' or update your CocoaPods installation.\" >&2\n    exit 1\nfi\n# This output is used by Xcode 'outputs' to avoid re-running this script phase.\necho \"SUCCESS\" > \"${SCRIPT_OUTPUT_FILE_0}\"\n";
			showEnvVarsInLog = 0;
		};
		F4909D3C0A8DC57A2553A696 /* [CP] Embed Pods Frameworks */ = {
			isa = PBXShellScriptBuildPhase;
			buildActionMask = 2147483647;
			files = (
			);
			inputFileListPaths = (
				"${PODS_ROOT}/Target Support Files/Pods-Parstagram/Pods-Parstagram-frameworks-${CONFIGURATION}-input-files.xcfilelist",
			);
			name = "[CP] Embed Pods Frameworks";
			outputFileListPaths = (
				"${PODS_ROOT}/Target Support Files/Pods-Parstagram/Pods-Parstagram-frameworks-${CONFIGURATION}-output-files.xcfilelist",
			);
			runOnlyForDeploymentPostprocessing = 0;
			shellPath = /bin/sh;
			shellScript = "\"${PODS_ROOT}/Target Support Files/Pods-Parstagram/Pods-Parstagram-frameworks.sh\"\n";
			showEnvVarsInLog = 0;
		};
/* End PBXShellScriptBuildPhase section */

/* Begin PBXSourcesBuildPhase section */
		ABD83E7E25F56EBC000CA139 /* Sources */ = {
			isa = PBXSourcesBuildPhase;
			buildActionMask = 2147483647;
			files = (
				ABD83ED125F5813A000CA139 /* LoginViewController.swift in Sources */,
				ABD83E8625F56EBC000CA139 /* AppDelegate.swift in Sources */,
				ABD83ED625F58155000CA139 /* FeedViewController.swift in Sources */,
				ABD83E8825F56EBC000CA139 /* SceneDelegate.swift in Sources */,
			);
			runOnlyForDeploymentPostprocessing = 0;
		};
		ABD83E9425F56EBC000CA139 /* Sources */ = {
			isa = PBXSourcesBuildPhase;
			buildActionMask = 2147483647;
			files = (
				ABD83E9D25F56EBC000CA139 /* ParstagramTests.swift in Sources */,
			);
			runOnlyForDeploymentPostprocessing = 0;
		};
		ABD83E9F25F56EBC000CA139 /* Sources */ = {
			isa = PBXSourcesBuildPhase;
			buildActionMask = 2147483647;
			files = (
				ABD83EA825F56EBD000CA139 /* ParstagramUITests.swift in Sources */,
			);
			runOnlyForDeploymentPostprocessing = 0;
		};
/* End PBXSourcesBuildPhase section */

/* Begin PBXTargetDependency section */
		ABD83E9A25F56EBC000CA139 /* PBXTargetDependency */ = {
			isa = PBXTargetDependency;
			target = ABD83E8125F56EBC000CA139 /* Parstagram */;
			targetProxy = ABD83E9925F56EBC000CA139 /* PBXContainerItemProxy */;
		};
		ABD83EA525F56EBC000CA139 /* PBXTargetDependency */ = {
			isa = PBXTargetDependency;
			target = ABD83E8125F56EBC000CA139 /* Parstagram */;
			targetProxy = ABD83EA425F56EBC000CA139 /* PBXContainerItemProxy */;
		};
/* End PBXTargetDependency section */

/* Begin PBXVariantGroup section */
		ABD83E8B25F56EBC000CA139 /* Main.storyboard */ = {
			isa = PBXVariantGroup;
			children = (
				ABD83E8C25F56EBC000CA139 /* Base */,
			);
			name = Main.storyboard;
			sourceTree = "<group>";
		};
		ABD83E9025F56EBC000CA139 /* LaunchScreen.storyboard */ = {
			isa = PBXVariantGroup;
			children = (
				ABD83E9125F56EBC000CA139 /* Base */,
			);
			name = LaunchScreen.storyboard;
			sourceTree = "<group>";
		};
/* End PBXVariantGroup section */

/* Begin XCBuildConfiguration section */
		ABD83EAA25F56EBD000CA139 /* Debug */ = {
			isa = XCBuildConfiguration;
			buildSettings = {
				ALWAYS_SEARCH_USER_PATHS = NO;
				CLANG_ANALYZER_NONNULL = YES;
				CLANG_ANALYZER_NUMBER_OBJECT_CONVERSION = YES_AGGRESSIVE;
				CLANG_CXX_LANGUAGE_STANDARD = "gnu++14";
				CLANG_CXX_LIBRARY = "libc++";
				CLANG_ENABLE_MODULES = YES;
				CLANG_ENABLE_OBJC_ARC = YES;
				CLANG_ENABLE_OBJC_WEAK = YES;
				CLANG_WARN_BLOCK_CAPTURE_AUTORELEASING = YES;
				CLANG_WARN_BOOL_CONVERSION = YES;
				CLANG_WARN_COMMA = YES;
				CLANG_WARN_CONSTANT_CONVERSION = YES;
				CLANG_WARN_DEPRECATED_OBJC_IMPLEMENTATIONS = YES;
				CLANG_WARN_DIRECT_OBJC_ISA_USAGE = YES_ERROR;
				CLANG_WARN_DOCUMENTATION_COMMENTS = YES;
				CLANG_WARN_EMPTY_BODY = YES;
				CLANG_WARN_ENUM_CONVERSION = YES;
				CLANG_WARN_INFINITE_RECURSION = YES;
				CLANG_WARN_INT_CONVERSION = YES;
				CLANG_WARN_NON_LITERAL_NULL_CONVERSION = YES;
				CLANG_WARN_OBJC_IMPLICIT_RETAIN_SELF = YES;
				CLANG_WARN_OBJC_LITERAL_CONVERSION = YES;
				CLANG_WARN_OBJC_ROOT_CLASS = YES_ERROR;
				CLANG_WARN_QUOTED_INCLUDE_IN_FRAMEWORK_HEADER = YES;
				CLANG_WARN_RANGE_LOOP_ANALYSIS = YES;
				CLANG_WARN_STRICT_PROTOTYPES = YES;
				CLANG_WARN_SUSPICIOUS_MOVE = YES;
				CLANG_WARN_UNGUARDED_AVAILABILITY = YES_AGGRESSIVE;
				CLANG_WARN_UNREACHABLE_CODE = YES;
				CLANG_WARN__DUPLICATE_METHOD_MATCH = YES;
				COPY_PHASE_STRIP = NO;
				DEBUG_INFORMATION_FORMAT = dwarf;
				ENABLE_STRICT_OBJC_MSGSEND = YES;
				ENABLE_TESTABILITY = YES;
				GCC_C_LANGUAGE_STANDARD = gnu11;
				GCC_DYNAMIC_NO_PIC = NO;
				GCC_NO_COMMON_BLOCKS = YES;
				GCC_OPTIMIZATION_LEVEL = 0;
				GCC_PREPROCESSOR_DEFINITIONS = (
					"DEBUG=1",
					"$(inherited)",
				);
				GCC_WARN_64_TO_32_BIT_CONVERSION = YES;
				GCC_WARN_ABOUT_RETURN_TYPE = YES_ERROR;
				GCC_WARN_UNDECLARED_SELECTOR = YES;
				GCC_WARN_UNINITIALIZED_AUTOS = YES_AGGRESSIVE;
				GCC_WARN_UNUSED_FUNCTION = YES;
				GCC_WARN_UNUSED_VARIABLE = YES;
				IPHONEOS_DEPLOYMENT_TARGET = 14.4;
				MTL_ENABLE_DEBUG_INFO = INCLUDE_SOURCE;
				MTL_FAST_MATH = YES;
				ONLY_ACTIVE_ARCH = YES;
				SDKROOT = iphoneos;
				SWIFT_ACTIVE_COMPILATION_CONDITIONS = DEBUG;
				SWIFT_OPTIMIZATION_LEVEL = "-Onone";
			};
			name = Debug;
		};
		ABD83EAB25F56EBD000CA139 /* Release */ = {
			isa = XCBuildConfiguration;
			buildSettings = {
				ALWAYS_SEARCH_USER_PATHS = NO;
				CLANG_ANALYZER_NONNULL = YES;
				CLANG_ANALYZER_NUMBER_OBJECT_CONVERSION = YES_AGGRESSIVE;
				CLANG_CXX_LANGUAGE_STANDARD = "gnu++14";
				CLANG_CXX_LIBRARY = "libc++";
				CLANG_ENABLE_MODULES = YES;
				CLANG_ENABLE_OBJC_ARC = YES;
				CLANG_ENABLE_OBJC_WEAK = YES;
				CLANG_WARN_BLOCK_CAPTURE_AUTORELEASING = YES;
				CLANG_WARN_BOOL_CONVERSION = YES;
				CLANG_WARN_COMMA = YES;
				CLANG_WARN_CONSTANT_CONVERSION = YES;
				CLANG_WARN_DEPRECATED_OBJC_IMPLEMENTATIONS = YES;
				CLANG_WARN_DIRECT_OBJC_ISA_USAGE = YES_ERROR;
				CLANG_WARN_DOCUMENTATION_COMMENTS = YES;
				CLANG_WARN_EMPTY_BODY = YES;
				CLANG_WARN_ENUM_CONVERSION = YES;
				CLANG_WARN_INFINITE_RECURSION = YES;
				CLANG_WARN_INT_CONVERSION = YES;
				CLANG_WARN_NON_LITERAL_NULL_CONVERSION = YES;
				CLANG_WARN_OBJC_IMPLICIT_RETAIN_SELF = YES;
				CLANG_WARN_OBJC_LITERAL_CONVERSION = YES;
				CLANG_WARN_OBJC_ROOT_CLASS = YES_ERROR;
				CLANG_WARN_QUOTED_INCLUDE_IN_FRAMEWORK_HEADER = YES;
				CLANG_WARN_RANGE_LOOP_ANALYSIS = YES;
				CLANG_WARN_STRICT_PROTOTYPES = YES;
				CLANG_WARN_SUSPICIOUS_MOVE = YES;
				CLANG_WARN_UNGUARDED_AVAILABILITY = YES_AGGRESSIVE;
				CLANG_WARN_UNREACHABLE_CODE = YES;
				CLANG_WARN__DUPLICATE_METHOD_MATCH = YES;
				COPY_PHASE_STRIP = NO;
				DEBUG_INFORMATION_FORMAT = "dwarf-with-dsym";
				ENABLE_NS_ASSERTIONS = NO;
				ENABLE_STRICT_OBJC_MSGSEND = YES;
				GCC_C_LANGUAGE_STANDARD = gnu11;
				GCC_NO_COMMON_BLOCKS = YES;
				GCC_WARN_64_TO_32_BIT_CONVERSION = YES;
				GCC_WARN_ABOUT_RETURN_TYPE = YES_ERROR;
				GCC_WARN_UNDECLARED_SELECTOR = YES;
				GCC_WARN_UNINITIALIZED_AUTOS = YES_AGGRESSIVE;
				GCC_WARN_UNUSED_FUNCTION = YES;
				GCC_WARN_UNUSED_VARIABLE = YES;
				IPHONEOS_DEPLOYMENT_TARGET = 14.4;
				MTL_ENABLE_DEBUG_INFO = NO;
				MTL_FAST_MATH = YES;
				SDKROOT = iphoneos;
				SWIFT_COMPILATION_MODE = wholemodule;
				SWIFT_OPTIMIZATION_LEVEL = "-O";
				VALIDATE_PRODUCT = YES;
			};
			name = Release;
		};
		ABD83EAD25F56EBD000CA139 /* Debug */ = {
			isa = XCBuildConfiguration;
			baseConfigurationReference = 149987FB5656FE013D58B556 /* Pods-Parstagram.debug.xcconfig */;
			buildSettings = {
				ASSETCATALOG_COMPILER_APPICON_NAME = AppIcon;
				ASSETCATALOG_COMPILER_GLOBAL_ACCENT_COLOR_NAME = AccentColor;
				CODE_SIGN_STYLE = Automatic;
				INFOPLIST_FILE = Parstagram/Info.plist;
				LD_RUNPATH_SEARCH_PATHS = (
					"$(inherited)",
					"@executable_path/Frameworks",
				);
				PRODUCT_BUNDLE_IDENTIFIER = "Parstagram-Assignment.Parstagram";
				PRODUCT_NAME = "$(TARGET_NAME)";
				SWIFT_VERSION = 5.0;
				TARGETED_DEVICE_FAMILY = "1,2";
			};
			name = Debug;
		};
		ABD83EAE25F56EBD000CA139 /* Release */ = {
			isa = XCBuildConfiguration;
			baseConfigurationReference = 354D38B161CEF8D21517B7EB /* Pods-Parstagram.release.xcconfig */;
			buildSettings = {
				ASSETCATALOG_COMPILER_APPICON_NAME = AppIcon;
				ASSETCATALOG_COMPILER_GLOBAL_ACCENT_COLOR_NAME = AccentColor;
				CODE_SIGN_STYLE = Automatic;
				INFOPLIST_FILE = Parstagram/Info.plist;
				LD_RUNPATH_SEARCH_PATHS = (
					"$(inherited)",
					"@executable_path/Frameworks",
				);
				PRODUCT_BUNDLE_IDENTIFIER = "Parstagram-Assignment.Parstagram";
				PRODUCT_NAME = "$(TARGET_NAME)";
				SWIFT_VERSION = 5.0;
				TARGETED_DEVICE_FAMILY = "1,2";
			};
			name = Release;
		};
		ABD83EB025F56EBD000CA139 /* Debug */ = {
			isa = XCBuildConfiguration;
			baseConfigurationReference = C9ABA7254395E9E515498C80 /* Pods-ParstagramTests.debug.xcconfig */;
			buildSettings = {
				ALWAYS_EMBED_SWIFT_STANDARD_LIBRARIES = YES;
				BUNDLE_LOADER = "$(TEST_HOST)";
				CODE_SIGN_STYLE = Automatic;
				INFOPLIST_FILE = ParstagramTests/Info.plist;
				IPHONEOS_DEPLOYMENT_TARGET = 14.4;
				LD_RUNPATH_SEARCH_PATHS = (
					"$(inherited)",
					"@executable_path/Frameworks",
					"@loader_path/Frameworks",
				);
				PRODUCT_BUNDLE_IDENTIFIER = "Parstagram-Assignment.ParstagramTests";
				PRODUCT_NAME = "$(TARGET_NAME)";
				SWIFT_VERSION = 5.0;
				TARGETED_DEVICE_FAMILY = "1,2";
				TEST_HOST = "$(BUILT_PRODUCTS_DIR)/Parstagram.app/Parstagram";
			};
			name = Debug;
		};
		ABD83EB125F56EBD000CA139 /* Release */ = {
			isa = XCBuildConfiguration;
			baseConfigurationReference = B6805EC0DD6D103DA2DD1A09 /* Pods-ParstagramTests.release.xcconfig */;
			buildSettings = {
				ALWAYS_EMBED_SWIFT_STANDARD_LIBRARIES = YES;
				BUNDLE_LOADER = "$(TEST_HOST)";
				CODE_SIGN_STYLE = Automatic;
				INFOPLIST_FILE = ParstagramTests/Info.plist;
				IPHONEOS_DEPLOYMENT_TARGET = 14.4;
				LD_RUNPATH_SEARCH_PATHS = (
					"$(inherited)",
					"@executable_path/Frameworks",
					"@loader_path/Frameworks",
				);
				PRODUCT_BUNDLE_IDENTIFIER = "Parstagram-Assignment.ParstagramTests";
				PRODUCT_NAME = "$(TARGET_NAME)";
				SWIFT_VERSION = 5.0;
				TARGETED_DEVICE_FAMILY = "1,2";
				TEST_HOST = "$(BUILT_PRODUCTS_DIR)/Parstagram.app/Parstagram";
			};
			name = Release;
		};
		ABD83EB325F56EBD000CA139 /* Debug */ = {
			isa = XCBuildConfiguration;
			baseConfigurationReference = 9A78F0C70FE88C3F783D4518 /* Pods-Parstagram-ParstagramUITests.debug.xcconfig */;
			buildSettings = {
				ALWAYS_EMBED_SWIFT_STANDARD_LIBRARIES = YES;
				CODE_SIGN_STYLE = Automatic;
				INFOPLIST_FILE = ParstagramUITests/Info.plist;
				LD_RUNPATH_SEARCH_PATHS = (
					"$(inherited)",
					"@executable_path/Frameworks",
					"@loader_path/Frameworks",
				);
				PRODUCT_BUNDLE_IDENTIFIER = "Parstagram-Assignment.ParstagramUITests";
				PRODUCT_NAME = "$(TARGET_NAME)";
				SWIFT_VERSION = 5.0;
				TARGETED_DEVICE_FAMILY = "1,2";
				TEST_TARGET_NAME = Parstagram;
			};
			name = Debug;
		};
		ABD83EB425F56EBD000CA139 /* Release */ = {
			isa = XCBuildConfiguration;
			baseConfigurationReference = 88202EE171DF8BC4F468308B /* Pods-Parstagram-ParstagramUITests.release.xcconfig */;
			buildSettings = {
				ALWAYS_EMBED_SWIFT_STANDARD_LIBRARIES = YES;
				CODE_SIGN_STYLE = Automatic;
				INFOPLIST_FILE = ParstagramUITests/Info.plist;
				LD_RUNPATH_SEARCH_PATHS = (
					"$(inherited)",
					"@executable_path/Frameworks",
					"@loader_path/Frameworks",
				);
				PRODUCT_BUNDLE_IDENTIFIER = "Parstagram-Assignment.ParstagramUITests";
				PRODUCT_NAME = "$(TARGET_NAME)";
				SWIFT_VERSION = 5.0;
				TARGETED_DEVICE_FAMILY = "1,2";
				TEST_TARGET_NAME = Parstagram;
			};
			name = Release;
		};
/* End XCBuildConfiguration section */

/* Begin XCConfigurationList section */
		ABD83E7D25F56EBC000CA139 /* Build configuration list for PBXProject "Parstagram" */ = {
			isa = XCConfigurationList;
			buildConfigurations = (
				ABD83EAA25F56EBD000CA139 /* Debug */,
				ABD83EAB25F56EBD000CA139 /* Release */,
			);
			defaultConfigurationIsVisible = 0;
			defaultConfigurationName = Release;
		};
		ABD83EAC25F56EBD000CA139 /* Build configuration list for PBXNativeTarget "Parstagram" */ = {
			isa = XCConfigurationList;
			buildConfigurations = (
				ABD83EAD25F56EBD000CA139 /* Debug */,
				ABD83EAE25F56EBD000CA139 /* Release */,
			);
			defaultConfigurationIsVisible = 0;
			defaultConfigurationName = Release;
		};
		ABD83EAF25F56EBD000CA139 /* Build configuration list for PBXNativeTarget "ParstagramTests" */ = {
			isa = XCConfigurationList;
			buildConfigurations = (
				ABD83EB025F56EBD000CA139 /* Debug */,
				ABD83EB125F56EBD000CA139 /* Release */,
			);
			defaultConfigurationIsVisible = 0;
			defaultConfigurationName = Release;
		};
		ABD83EB225F56EBD000CA139 /* Build configuration list for PBXNativeTarget "ParstagramUITests" */ = {
			isa = XCConfigurationList;
			buildConfigurations = (
				ABD83EB325F56EBD000CA139 /* Debug */,
				ABD83EB425F56EBD000CA139 /* Release */,
			);
			defaultConfigurationIsVisible = 0;
			defaultConfigurationName = Release;
		};
/* End XCConfigurationList section */
	};
	rootObject = ABD83E7A25F56EBC000CA139 /* Project object */;
}
